
Microsoft Visual Studio Solution File, Format Version 12.00
# Visual Studio 15
VisualStudioVersion = 15.0.27703.2042
MinimumVisualStudioVersion = 10.0.40219.1
Project("{FAE04EC0-301F-11D3-BF4B-00C04F79EFBC}") = "Klick", "Klick\Klick.csproj", "{30762187-A7E8-413B-8456-40A209E84AD7}"
EndProject
Global
	GlobalSection(SolutionConfigurationPlatforms) = preSolution
		Debug|Any CPU = Debug|Any CPU
		Release|Any CPU = Release|Any CPU
	EndGlobalSection
	GlobalSection(ProjectConfigurationPlatforms) = postSolution
		{30762187-A7E8-413B-8456-40A209E84AD7}.Debug|Any CPU.ActiveCfg = Debug|Any CPU
		{30762187-A7E8-413B-8456-40A209E84AD7}.Debug|Any CPU.Build.0 = Debug|Any CPU
		{30762187-A7E8-413B-8456-40A209E84AD7}.Release|Any CPU.ActiveCfg = Release|Any CPU
		{30762187-A7E8-413B-8456-40A209E84AD7}.Release|Any CPU.Build.0 = Release|Any CPU
	EndGlobalSection
	GlobalSection(SolutionProperties) = preSolution
		HideSolutionNode = FALSE
	EndGlobalSection
	GlobalSection(ExtensibilityGlobals) = postSolution
		SolutionGuid = {20343AB9-FAB1-49C2-8198-247AB06A41FE}
	EndGlobalSection
EndGlobal
